// !$*UTF8*$!
{
	archiveVersion = 1;
	classes = {
	};
	objectVersion = 55;
	objects = {

/* Begin PBXBuildFile section */
		022E2E32288AEADB00DE9874 /* Roboto-Thin.ttf in Resources */ = {isa = PBXBuildFile; fileRef = 022E2E2C288AEADB00DE9874 /* Roboto-Thin.ttf */; };
		022E2E33288AEADB00DE9874 /* Roboto-Light.ttf in Resources */ = {isa = PBXBuildFile; fileRef = 022E2E2D288AEADB00DE9874 /* Roboto-Light.ttf */; };
		022E2E34288AEADB00DE9874 /* Roboto-Black.ttf in Resources */ = {isa = PBXBuildFile; fileRef = 022E2E2E288AEADB00DE9874 /* Roboto-Black.ttf */; };
		022E2E35288AEADB00DE9874 /* Roboto-Medium.ttf in Resources */ = {isa = PBXBuildFile; fileRef = 022E2E2F288AEADB00DE9874 /* Roboto-Medium.ttf */; };
		022E2E36288AEADB00DE9874 /* Roboto-Bold.ttf in Resources */ = {isa = PBXBuildFile; fileRef = 022E2E30288AEADB00DE9874 /* Roboto-Bold.ttf */; };
		022E2E37288AEADB00DE9874 /* Roboto-Regular.ttf in Resources */ = {isa = PBXBuildFile; fileRef = 022E2E31288AEADB00DE9874 /* Roboto-Regular.ttf */; };
		0266D117288AE38B0024E597 /* AppDelegate.swift in Sources */ = {isa = PBXBuildFile; fileRef = 0266D116288AE38B0024E597 /* AppDelegate.swift */; };
		0266D119288AE38B0024E597 /* SceneDelegate.swift in Sources */ = {isa = PBXBuildFile; fileRef = 0266D118288AE38B0024E597 /* SceneDelegate.swift */; };
		0266D11B288AE38B0024E597 /* ViewController.swift in Sources */ = {isa = PBXBuildFile; fileRef = 0266D11A288AE38B0024E597 /* ViewController.swift */; };
		0266D11E288AE38B0024E597 /* Main.storyboard in Resources */ = {isa = PBXBuildFile; fileRef = 0266D11C288AE38B0024E597 /* Main.storyboard */; };
		0266D120288AE38D0024E597 /* Assets.xcassets in Resources */ = {isa = PBXBuildFile; fileRef = 0266D11F288AE38D0024E597 /* Assets.xcassets */; };
		0266D123288AE38D0024E597 /* LaunchScreen.storyboard in Resources */ = {isa = PBXBuildFile; fileRef = 0266D121288AE38D0024E597 /* LaunchScreen.storyboard */; };
		02F47725288C1C11001692F0 /* StringModel.swift in Sources */ = {isa = PBXBuildFile; fileRef = 02F47724288C1C11001692F0 /* StringModel.swift */; };
		D9FDF74C93E4DF3511F65D1C /* Pods_Reverse_Words.framework in Frameworks */ = {isa = PBXBuildFile; fileRef = 02F7F46931BE949534A643ED /* Pods_Reverse_Words.framework */; };
/* End PBXBuildFile section */

/* Begin PBXFileReference section */
		022E2E2C288AEADB00DE9874 /* Roboto-Thin.ttf */ = {isa = PBXFileReference; lastKnownFileType = file; path = "Roboto-Thin.ttf"; sourceTree = "<group>"; };
		022E2E2D288AEADB00DE9874 /* Roboto-Light.ttf */ = {isa = PBXFileReference; lastKnownFileType = file; path = "Roboto-Light.ttf"; sourceTree = "<group>"; };
		022E2E2E288AEADB00DE9874 /* Roboto-Black.ttf */ = {isa = PBXFileReference; lastKnownFileType = file; path = "Roboto-Black.ttf"; sourceTree = "<group>"; };
		022E2E2F288AEADB00DE9874 /* Roboto-Medium.ttf */ = {isa = PBXFileReference; lastKnownFileType = file; path = "Roboto-Medium.ttf"; sourceTree = "<group>"; };
		022E2E30288AEADB00DE9874 /* Roboto-Bold.ttf */ = {isa = PBXFileReference; lastKnownFileType = file; path = "Roboto-Bold.ttf"; sourceTree = "<group>"; };
		022E2E31288AEADB00DE9874 /* Roboto-Regular.ttf */ = {isa = PBXFileReference; lastKnownFileType = file; path = "Roboto-Regular.ttf"; sourceTree = "<group>"; };
		0266D113288AE38B0024E597 /* Reverse Words.app */ = {isa = PBXFileReference; explicitFileType = wrapper.application; includeInIndex = 0; path = "Reverse Words.app"; sourceTree = BUILT_PRODUCTS_DIR; };
		0266D116288AE38B0024E597 /* AppDelegate.swift */ = {isa = PBXFileReference; lastKnownFileType = sourcecode.swift; path = AppDelegate.swift; sourceTree = "<group>"; };
		0266D118288AE38B0024E597 /* SceneDelegate.swift */ = {isa = PBXFileReference; lastKnownFileType = sourcecode.swift; path = SceneDelegate.swift; sourceTree = "<group>"; };
		0266D11A288AE38B0024E597 /* ViewController.swift */ = {isa = PBXFileReference; lastKnownFileType = sourcecode.swift; path = ViewController.swift; sourceTree = "<group>"; };
		0266D11D288AE38B0024E597 /* Base */ = {isa = PBXFileReference; lastKnownFileType = file.storyboard; name = Base; path = Base.lproj/Main.storyboard; sourceTree = "<group>"; };
		0266D11F288AE38D0024E597 /* Assets.xcassets */ = {isa = PBXFileReference; lastKnownFileType = folder.assetcatalog; path = Assets.xcassets; sourceTree = "<group>"; };
		0266D122288AE38D0024E597 /* Base */ = {isa = PBXFileReference; lastKnownFileType = file.storyboard; name = Base; path = Base.lproj/LaunchScreen.storyboard; sourceTree = "<group>"; };
		0266D124288AE38D0024E597 /* Info.plist */ = {isa = PBXFileReference; lastKnownFileType = text.plist.xml; path = Info.plist; sourceTree = "<group>"; };
		02F47720288C06CA001692F0 /* Reverse Words.entitlements */ = {isa = PBXFileReference; lastKnownFileType = text.plist.entitlements; path = "Reverse Words.entitlements"; sourceTree = "<group>"; };
		02F47724288C1C11001692F0 /* StringModel.swift */ = {isa = PBXFileReference; lastKnownFileType = sourcecode.swift; path = StringModel.swift; sourceTree = "<group>"; };
		02F7F46931BE949534A643ED /* Pods_Reverse_Words.framework */ = {isa = PBXFileReference; explicitFileType = wrapper.framework; includeInIndex = 0; path = Pods_Reverse_Words.framework; sourceTree = BUILT_PRODUCTS_DIR; };
		267081F42FAFE50AD3D4D069 /* Pods-Reverse Words.release.xcconfig */ = {isa = PBXFileReference; includeInIndex = 1; lastKnownFileType = text.xcconfig; name = "Pods-Reverse Words.release.xcconfig"; path = "Target Support Files/Pods-Reverse Words/Pods-Reverse Words.release.xcconfig"; sourceTree = "<group>"; };
		CDE52A4DF14D85FBF88316EE /* Pods-Reverse Words.debug.xcconfig */ = {isa = PBXFileReference; includeInIndex = 1; lastKnownFileType = text.xcconfig; name = "Pods-Reverse Words.debug.xcconfig"; path = "Target Support Files/Pods-Reverse Words/Pods-Reverse Words.debug.xcconfig"; sourceTree = "<group>"; };
/* End PBXFileReference section */

/* Begin PBXFrameworksBuildPhase section */
		0266D110288AE38B0024E597 /* Frameworks */ = {
			isa = PBXFrameworksBuildPhase;
			buildActionMask = 2147483647;
			files = (
				D9FDF74C93E4DF3511F65D1C /* Pods_Reverse_Words.framework in Frameworks */,
			);
			runOnlyForDeploymentPostprocessing = 0;
		};
/* End PBXFrameworksBuildPhase section */

/* Begin PBXGroup section */
		0266D10A288AE38B0024E597 = {
			isa = PBXGroup;
			children = (
				0266D115288AE38B0024E597 /* Reverse Words */,
				0266D114288AE38B0024E597 /* Products */,
				C422CB7EA937E5EAE8FB9173 /* Pods */,
				22B4337AF146F6B3A4A60CC9 /* Frameworks */,
			);
			sourceTree = "<group>";
		};
		0266D114288AE38B0024E597 /* Products */ = {
			isa = PBXGroup;
			children = (
				0266D113288AE38B0024E597 /* Reverse Words.app */,
			);
			name = Products;
			sourceTree = "<group>";
		};
		0266D115288AE38B0024E597 /* Reverse Words */ = {
			isa = PBXGroup;
			children = (
				02F47720288C06CA001692F0 /* Reverse Words.entitlements */,
				0266D116288AE38B0024E597 /* AppDelegate.swift */,
				0266D118288AE38B0024E597 /* SceneDelegate.swift */,
				02F47722288C169A001692F0 /* Models */,
				02F47721288C1678001692F0 /* Views */,
				02F47723288C16C9001692F0 /* Controllers */,
				0266D11F288AE38D0024E597 /* Assets.xcassets */,
				0266D124288AE38D0024E597 /* Info.plist */,
				0266D12A288AE9020024E597 /* fonts */,
			);
			path = "Reverse Words";
			sourceTree = "<group>";
		};
		0266D12A288AE9020024E597 /* fonts */ = {
			isa = PBXGroup;
			children = (
				022E2E2E288AEADB00DE9874 /* Roboto-Black.ttf */,
				022E2E30288AEADB00DE9874 /* Roboto-Bold.ttf */,
				022E2E2D288AEADB00DE9874 /* Roboto-Light.ttf */,
				022E2E2F288AEADB00DE9874 /* Roboto-Medium.ttf */,
				022E2E31288AEADB00DE9874 /* Roboto-Regular.ttf */,
				022E2E2C288AEADB00DE9874 /* Roboto-Thin.ttf */,
			);
			path = fonts;
			sourceTree = "<group>";
		};
		02F47721288C1678001692F0 /* Views */ = {
			isa = PBXGroup;
			children = (
				0266D11C288AE38B0024E597 /* Main.storyboard */,
				0266D121288AE38D0024E597 /* LaunchScreen.storyboard */,
			);
			path = Views;
			sourceTree = "<group>";
		};
		02F47722288C169A001692F0 /* Models */ = {
			isa = PBXGroup;
			children = (
				02F47724288C1C11001692F0 /* StringModel.swift */,
			);
			path = Models;
			sourceTree = "<group>";
		};
		02F47723288C16C9001692F0 /* Controllers */ = {
			isa = PBXGroup;
			children = (
				0266D11A288AE38B0024E597 /* ViewController.swift */,
			);
			path = Controllers;
			sourceTree = "<group>";
		};
		22B4337AF146F6B3A4A60CC9 /* Frameworks */ = {
			isa = PBXGroup;
			children = (
				02F7F46931BE949534A643ED /* Pods_Reverse_Words.framework */,
			);
			name = Frameworks;
			sourceTree = "<group>";
		};
		C422CB7EA937E5EAE8FB9173 /* Pods */ = {
			isa = PBXGroup;
			children = (
				CDE52A4DF14D85FBF88316EE /* Pods-Reverse Words.debug.xcconfig */,
				267081F42FAFE50AD3D4D069 /* Pods-Reverse Words.release.xcconfig */,
			);
			path = Pods;
			sourceTree = "<group>";
		};
/* End PBXGroup section */

/* Begin PBXNativeTarget section */
		0266D112288AE38B0024E597 /* Reverse Words */ = {
			isa = PBXNativeTarget;
			buildConfigurationList = 0266D127288AE38D0024E597 /* Build configuration list for PBXNativeTarget "Reverse Words" */;
			buildPhases = (
				591622EFBE64B2B4D9124A76 /* [CP] Check Pods Manifest.lock */,
				0266D10F288AE38B0024E597 /* Sources */,
				0266D110288AE38B0024E597 /* Frameworks */,
				0266D111288AE38B0024E597 /* Resources */,
				1F27B09D807613E71BF186D9 /* [CP] Embed Pods Frameworks */,
			);
			buildRules = (
			);
			dependencies = (
			);
			name = "Reverse Words";
			productName = "Reverse Words";
			productReference = 0266D113288AE38B0024E597 /* Reverse Words.app */;
			productType = "com.apple.product-type.application";
		};
/* End PBXNativeTarget section */

/* Begin PBXProject section */
		0266D10B288AE38B0024E597 /* Project object */ = {
			isa = PBXProject;
			attributes = {
				BuildIndependentTargetsInParallel = 1;
				LastSwiftUpdateCheck = 1340;
				LastUpgradeCheck = 1340;
				TargetAttributes = {
					0266D112288AE38B0024E597 = {
						CreatedOnToolsVersion = 13.4.1;
					};
				};
			};
			buildConfigurationList = 0266D10E288AE38B0024E597 /* Build configuration list for PBXProject "Reverse Words" */;
			compatibilityVersion = "Xcode 13.0";
			developmentRegion = en;
			hasScannedForEncodings = 0;
			knownRegions = (
				en,
				Base,
			);
			mainGroup = 0266D10A288AE38B0024E597;
			productRefGroup = 0266D114288AE38B0024E597 /* Products */;
			projectDirPath = "";
			projectRoot = "";
			targets = (
				0266D112288AE38B0024E597 /* Reverse Words */,
			);
		};
/* End PBXProject section */

/* Begin PBXResourcesBuildPhase section */
		0266D111288AE38B0024E597 /* Resources */ = {
			isa = PBXResourcesBuildPhase;
			buildActionMask = 2147483647;
			files = (
				022E2E32288AEADB00DE9874 /* Roboto-Thin.ttf in Resources */,
				0266D123288AE38D0024E597 /* LaunchScreen.storyboard in Resources */,
				022E2E33288AEADB00DE9874 /* Roboto-Light.ttf in Resources */,
				022E2E35288AEADB00DE9874 /* Roboto-Medium.ttf in Resources */,
				0266D120288AE38D0024E597 /* Assets.xcassets in Resources */,
				0266D11E288AE38B0024E597 /* Main.storyboard in Resources */,
				022E2E37288AEADB00DE9874 /* Roboto-Regular.ttf in Resources */,
				022E2E36288AEADB00DE9874 /* Roboto-Bold.ttf in Resources */,
				022E2E34288AEADB00DE9874 /* Roboto-Black.ttf in Resources */,
			);
			runOnlyForDeploymentPostprocessing = 0;
		};
/* End PBXResourcesBuildPhase section */

/* Begin PBXShellScriptBuildPhase section */
		1F27B09D807613E71BF186D9 /* [CP] Embed Pods Frameworks */ = {
			isa = PBXShellScriptBuildPhase;
			buildActionMask = 2147483647;
			files = (
			);
			inputFileListPaths = (
				"${PODS_ROOT}/Target Support Files/Pods-Reverse Words/Pods-Reverse Words-frameworks-${CONFIGURATION}-input-files.xcfilelist",
			);
			name = "[CP] Embed Pods Frameworks";
			outputFileListPaths = (
				"${PODS_ROOT}/Target Support Files/Pods-Reverse Words/Pods-Reverse Words-frameworks-${CONFIGURATION}-output-files.xcfilelist",
			);
			runOnlyForDeploymentPostprocessing = 0;
			shellPath = /bin/sh;
			shellScript = "\"${PODS_ROOT}/Target Support Files/Pods-Reverse Words/Pods-Reverse Words-frameworks.sh\"\n";
			showEnvVarsInLog = 0;
		};
		591622EFBE64B2B4D9124A76 /* [CP] Check Pods Manifest.lock */ = {
			isa = PBXShellScriptBuildPhase;
			buildActionMask = 2147483647;
			files = (
			);
			inputFileListPaths = (
			);
			inputPaths = (
				"${PODS_PODFILE_DIR_PATH}/Podfile.lock",
				"${PODS_ROOT}/Manifest.lock",
			);
			name = "[CP] Check Pods Manifest.lock";
			outputFileListPaths = (
			);
			outputPaths = (
				"$(DERIVED_FILE_DIR)/Pods-Reverse Words-checkManifestLockResult.txt",
			);
			runOnlyForDeploymentPostprocessing = 0;
			shellPath = /bin/sh;
			shellScript = "diff \"${PODS_PODFILE_DIR_PATH}/Podfile.lock\" \"${PODS_ROOT}/Manifest.lock\" > /dev/null\nif [ $? != 0 ] ; then\n    # print error to STDERR\n    echo \"error: The sandbox is not in sync with the Podfile.lock. Run 'pod install' or update your CocoaPods installation.\" >&2\n    exit 1\nfi\n# This output is used by Xcode 'outputs' to avoid re-running this script phase.\necho \"SUCCESS\" > \"${SCRIPT_OUTPUT_FILE_0}\"\n";
			showEnvVarsInLog = 0;
		};
/* End PBXShellScriptBuildPhase section */

/* Begin PBXSourcesBuildPhase section */
		0266D10F288AE38B0024E597 /* Sources */ = {
			isa = PBXSourcesBuildPhase;
			buildActionMask = 2147483647;
			files = (
				02F47725288C1C11001692F0 /* StringModel.swift in Sources */,
				0266D11B288AE38B0024E597 /* ViewController.swift in Sources */,
				0266D117288AE38B0024E597 /* AppDelegate.swift in Sources */,
				0266D119288AE38B0024E597 /* SceneDelegate.swift in Sources */,
			);
			runOnlyForDeploymentPostprocessing = 0;
		};
/* End PBXSourcesBuildPhase section */

/* Begin PBXVariantGroup section */
		0266D11C288AE38B0024E597 /* Main.storyboard */ = {
			isa = PBXVariantGroup;
			children = (
				0266D11D288AE38B0024E597 /* Base */,
			);
			name = Main.storyboard;
			sourceTree = "<group>";
		};
		0266D121288AE38D0024E597 /* LaunchScreen.storyboard */ = {
			isa = PBXVariantGroup;
			children = (
				0266D122288AE38D0024E597 /* Base */,
			);
			name = LaunchScreen.storyboard;
			sourceTree = "<group>";
		};
/* End PBXVariantGroup section */

/* Begin XCBuildConfiguration section */
		0266D125288AE38D0024E597 /* Debug */ = {
			isa = XCBuildConfiguration;
			buildSettings = {
				ALWAYS_SEARCH_USER_PATHS = NO;
				CLANG_ANALYZER_NONNULL = YES;
				CLANG_ANALYZER_NUMBER_OBJECT_CONVERSION = YES_AGGRESSIVE;
				CLANG_CXX_LANGUAGE_STANDARD = "gnu++17";
				CLANG_ENABLE_MODULES = YES;
				CLANG_ENABLE_OBJC_ARC = YES;
				CLANG_ENABLE_OBJC_WEAK = YES;
				CLANG_WARN_BLOCK_CAPTURE_AUTORELEASING = YES;
				CLANG_WARN_BOOL_CONVERSION = YES;
				CLANG_WARN_COMMA = YES;
				CLANG_WARN_CONSTANT_CONVERSION = YES;
				CLANG_WARN_DEPRECATED_OBJC_IMPLEMENTATIONS = YES;
				CLANG_WARN_DIRECT_OBJC_ISA_USAGE = YES_ERROR;
				CLANG_WARN_DOCUMENTATION_COMMENTS = YES;
				CLANG_WARN_EMPTY_BODY = YES;
				CLANG_WARN_ENUM_CONVERSION = YES;
				CLANG_WARN_INFINITE_RECURSION = YES;
				CLANG_WARN_INT_CONVERSION = YES;
				CLANG_WARN_NON_LITERAL_NULL_CONVERSION = YES;
				CLANG_WARN_OBJC_IMPLICIT_RETAIN_SELF = YES;
				CLANG_WARN_OBJC_LITERAL_CONVERSION = YES;
				CLANG_WARN_OBJC_ROOT_CLASS = YES_ERROR;
				CLANG_WARN_QUOTED_INCLUDE_IN_FRAMEWORK_HEADER = YES;
				CLANG_WARN_RANGE_LOOP_ANALYSIS = YES;
				CLANG_WARN_STRICT_PROTOTYPES = YES;
				CLANG_WARN_SUSPICIOUS_MOVE = YES;
				CLANG_WARN_UNGUARDED_AVAILABILITY = YES_AGGRESSIVE;
				CLANG_WARN_UNREACHABLE_CODE = YES;
				CLANG_WARN__DUPLICATE_METHOD_MATCH = YES;
				COPY_PHASE_STRIP = NO;
				DEBUG_INFORMATION_FORMAT = dwarf;
				ENABLE_STRICT_OBJC_MSGSEND = YES;
				ENABLE_TESTABILITY = YES;
				GCC_C_LANGUAGE_STANDARD = gnu11;
				GCC_DYNAMIC_NO_PIC = NO;
				GCC_NO_COMMON_BLOCKS = YES;
				GCC_OPTIMIZATION_LEVEL = 0;
				GCC_PREPROCESSOR_DEFINITIONS = (
					"DEBUG=1",
					"$(inherited)",
				);
				GCC_WARN_64_TO_32_BIT_CONVERSION = YES;
				GCC_WARN_ABOUT_RETURN_TYPE = YES_ERROR;
				GCC_WARN_UNDECLARED_SELECTOR = YES;
				GCC_WARN_UNINITIALIZED_AUTOS = YES_AGGRESSIVE;
				GCC_WARN_UNUSED_FUNCTION = YES;
				GCC_WARN_UNUSED_VARIABLE = YES;
				IPHONEOS_DEPLOYMENT_TARGET = 15.5;
				MTL_ENABLE_DEBUG_INFO = INCLUDE_SOURCE;
				MTL_FAST_MATH = YES;
				ONLY_ACTIVE_ARCH = YES;
				SDKROOT = iphoneos;
				SWIFT_ACTIVE_COMPILATION_CONDITIONS = DEBUG;
				SWIFT_OPTIMIZATION_LEVEL = "-Onone";
			};
			name = Debug;
		};
		0266D126288AE38D0024E597 /* Release */ = {
			isa = XCBuildConfiguration;
			buildSettings = {
				ALWAYS_SEARCH_USER_PATHS = NO;
				CLANG_ANALYZER_NONNULL = YES;
				CLANG_ANALYZER_NUMBER_OBJECT_CONVERSION = YES_AGGRESSIVE;
				CLANG_CXX_LANGUAGE_STANDARD = "gnu++17";
				CLANG_ENABLE_MODULES = YES;
				CLANG_ENABLE_OBJC_ARC = YES;
				CLANG_ENABLE_OBJC_WEAK = YES;
				CLANG_WARN_BLOCK_CAPTURE_AUTORELEASING = YES;
				CLANG_WARN_BOOL_CONVERSION = YES;
				CLANG_WARN_COMMA = YES;
				CLANG_WARN_CONSTANT_CONVERSION = YES;
				CLANG_WARN_DEPRECATED_OBJC_IMPLEMENTATIONS = YES;
				CLANG_WARN_DIRECT_OBJC_ISA_USAGE = YES_ERROR;
				CLANG_WARN_DOCUMENTATION_COMMENTS = YES;
				CLANG_WARN_EMPTY_BODY = YES;
				CLANG_WARN_ENUM_CONVERSION = YES;
				CLANG_WARN_INFINITE_RECURSION = YES;
				CLANG_WARN_INT_CONVERSION = YES;
				CLANG_WARN_NON_LITERAL_NULL_CONVERSION = YES;
				CLANG_WARN_OBJC_IMPLICIT_RETAIN_SELF = YES;
				CLANG_WARN_OBJC_LITERAL_CONVERSION = YES;
				CLANG_WARN_OBJC_ROOT_CLASS = YES_ERROR;
				CLANG_WARN_QUOTED_INCLUDE_IN_FRAMEWORK_HEADER = YES;
				CLANG_WARN_RANGE_LOOP_ANALYSIS = YES;
				CLANG_WARN_STRICT_PROTOTYPES = YES;
				CLANG_WARN_SUSPICIOUS_MOVE = YES;
				CLANG_WARN_UNGUARDED_AVAILABILITY = YES_AGGRESSIVE;
				CLANG_WARN_UNREACHABLE_CODE = YES;
				CLANG_WARN__DUPLICATE_METHOD_MATCH = YES;
				COPY_PHASE_STRIP = NO;
				DEBUG_INFORMATION_FORMAT = "dwarf-with-dsym";
				ENABLE_NS_ASSERTIONS = NO;
				ENABLE_STRICT_OBJC_MSGSEND = YES;
				GCC_C_LANGUAGE_STANDARD = gnu11;
				GCC_NO_COMMON_BLOCKS = YES;
				GCC_WARN_64_TO_32_BIT_CONVERSION = YES;
				GCC_WARN_ABOUT_RETURN_TYPE = YES_ERROR;
				GCC_WARN_UNDECLARED_SELECTOR = YES;
				GCC_WARN_UNINITIALIZED_AUTOS = YES_AGGRESSIVE;
				GCC_WARN_UNUSED_FUNCTION = YES;
				GCC_WARN_UNUSED_VARIABLE = YES;
				IPHONEOS_DEPLOYMENT_TARGET = 15.5;
				MTL_ENABLE_DEBUG_INFO = NO;
				MTL_FAST_MATH = YES;
				SDKROOT = iphoneos;
				SWIFT_COMPILATION_MODE = wholemodule;
				SWIFT_OPTIMIZATION_LEVEL = "-O";
				VALIDATE_PRODUCT = YES;
			};
			name = Release;
		};
		0266D128288AE38D0024E597 /* Debug */ = {
			isa = XCBuildConfiguration;
			baseConfigurationReference = CDE52A4DF14D85FBF88316EE /* Pods-Reverse Words.debug.xcconfig */;
			buildSettings = {
				ASSETCATALOG_COMPILER_APPICON_NAME = AppIcon;
				ASSETCATALOG_COMPILER_GLOBAL_ACCENT_COLOR_NAME = AccentColor;
				CODE_SIGN_ENTITLEMENTS = "Reverse Words/Reverse Words.entitlements";
				CODE_SIGN_STYLE = Automatic;
				CURRENT_PROJECT_VERSION = 1;
				DEVELOPMENT_TEAM = 82896UQ72B;
				GENERATE_INFOPLIST_FILE = YES;
				INFOPLIST_FILE = "Reverse Words/Info.plist";
				INFOPLIST_KEY_UIApplicationSupportsIndirectInputEvents = YES;
				INFOPLIST_KEY_UILaunchStoryboardName = LaunchScreen;
				INFOPLIST_KEY_UIMainStoryboardFile = Main;
				INFOPLIST_KEY_UISupportedInterfaceOrientations_iPad = "UIInterfaceOrientationPortrait UIInterfaceOrientationPortraitUpsideDown UIInterfaceOrientationLandscapeLeft UIInterfaceOrientationLandscapeRight";
				INFOPLIST_KEY_UISupportedInterfaceOrientations_iPhone = "UIInterfaceOrientationPortrait UIInterfaceOrientationLandscapeLeft UIInterfaceOrientationLandscapeRight";
				LD_RUNPATH_SEARCH_PATHS = (
					"$(inherited)",
					"@executable_path/Frameworks",
				);
				MARKETING_VERSION = 1.0;
				PRODUCT_BUNDLE_IDENTIFIER = "com.dmytroivanchuk1998.Reverse-Words";
				PRODUCT_NAME = "$(TARGET_NAME)";
				SUPPORTS_MACCATALYST = YES;
				SWIFT_EMIT_LOC_STRINGS = YES;
				SWIFT_VERSION = 5.0;
				TARGETED_DEVICE_FAMILY = "1,2";
			};
			name = Debug;
		};
		0266D129288AE38D0024E597 /* Release */ = {
			isa = XCBuildConfiguration;
			baseConfigurationReference = 267081F42FAFE50AD3D4D069 /* Pods-Reverse Words.release.xcconfig */;
			buildSettings = {
				ASSETCATALOG_COMPILER_APPICON_NAME = AppIcon;
				ASSETCATALOG_COMPILER_GLOBAL_ACCENT_COLOR_NAME = AccentColor;
				CODE_SIGN_ENTITLEMENTS = "Reverse Words/Reverse Words.entitlements";
				CODE_SIGN_STYLE = Automatic;
				CURRENT_PROJECT_VERSION = 1;
				DEVELOPMENT_TEAM = 82896UQ72B;
				GENERATE_INFOPLIST_FILE = YES;
				INFOPLIST_FILE = "Reverse Words/Info.plist";
				INFOPLIST_KEY_UIApplicationSupportsIndirectInputEvents = YES;
				INFOPLIST_KEY_UILaunchStoryboardName = LaunchScreen;
				INFOPLIST_KEY_UIMainStoryboardFile = Main;
				INFOPLIST_KEY_UISupportedInterfaceOrientations_iPad = "UIInterfaceOrientationPortrait UIInterfaceOrientationPortraitUpsideDown UIInterfaceOrientationLandscapeLeft UIInterfaceOrientationLandscapeRight";
				INFOPLIST_KEY_UISupportedInterfaceOrientations_iPhone = "UIInterfaceOrientationPortrait UIInterfaceOrientationLandscapeLeft UIInterfaceOrientationLandscapeRight";
				LD_RUNPATH_SEARCH_PATHS = (
					"$(inherited)",
					"@executable_path/Frameworks",
				);
				MARKETING_VERSION = 1.0;
				PRODUCT_BUNDLE_IDENTIFIER = "com.dmytroivanchuk1998.Reverse-Words";
				PRODUCT_NAME = "$(TARGET_NAME)";
				SUPPORTS_MACCATALYST = YES;
				SWIFT_EMIT_LOC_STRINGS = YES;
				SWIFT_VERSION = 5.0;
				TARGETED_DEVICE_FAMILY = "1,2";
			};
			name = Release;
		};
/* End XCBuildConfiguration section */

/* Begin XCConfigurationList section */
		0266D10E288AE38B0024E597 /* Build configuration list for PBXProject "Reverse Words" */ = {
			isa = XCConfigurationList;
			buildConfigurations = (
				0266D125288AE38D0024E597 /* Debug */,
				0266D126288AE38D0024E597 /* Release */,
			);
			defaultConfigurationIsVisible = 0;
			defaultConfigurationName = Release;
		};
		0266D127288AE38D0024E597 /* Build configuration list for PBXNativeTarget "Reverse Words" */ = {
			isa = XCConfigurationList;
			buildConfigurations = (
				0266D128288AE38D0024E597 /* Debug */,
				0266D129288AE38D0024E597 /* Release */,
			);
			defaultConfigurationIsVisible = 0;
			defaultConfigurationName = Release;
		};
/* End XCConfigurationList section */
	};
	rootObject = 0266D10B288AE38B0024E597 /* Project object */;
}
